
Microsoft Visual Studio Solution File, Format Version 12.00
# Visual Studio 15
VisualStudioVersion = 15.0.28307.852
MinimumVisualStudioVersion = 10.0.40219.1
Project("{FAE04EC0-301F-11D3-BF4B-00C04F79EFBC}") = "Istrate.Android", "Istrate\Istrate.Android\Istrate.Android.csproj", "{23B4401D-9D11-4FDB-9BE3-A0424E8C1BE5}"
EndProject
Project("{FAE04EC0-301F-11D3-BF4B-00C04F79EFBC}") = "Istrate.iOS", "Istrate\Istrate.iOS\Istrate.iOS.csproj", "{5F117396-28CF-4CF8-B089-6F53796BFBD8}"
EndProject
Project("{FAE04EC0-301F-11D3-BF4B-00C04F79EFBC}") = "Istrate.UWP", "Istrate\Istrate.UWP\Istrate.UWP.csproj", "{9498D2DB-A5A0-4B3D-B20C-873966E03F37}"
EndProject
Project("{FAE04EC0-301F-11D3-BF4B-00C04F79EFBC}") = "Istrate", "Istrate\Istrate\Istrate.csproj", "{D84532CE-ADF6-48AB-8B7A-8181844EAD9D}"
EndProject
Global
	GlobalSection(SolutionConfigurationPlatforms) = preSolution
		Ad-Hoc|Any CPU = Ad-Hoc|Any CPU
		Ad-Hoc|ARM = Ad-Hoc|ARM
		Ad-Hoc|iPhone = Ad-Hoc|iPhone
		Ad-Hoc|iPhoneSimulator = Ad-Hoc|iPhoneSimulator
		Ad-Hoc|x64 = Ad-Hoc|x64
		Ad-Hoc|x86 = Ad-Hoc|x86
		AppStore|Any CPU = AppStore|Any CPU
		AppStore|ARM = AppStore|ARM
		AppStore|iPhone = AppStore|iPhone
		AppStore|iPhoneSimulator = AppStore|iPhoneSimulator
		AppStore|x64 = AppStore|x64
		AppStore|x86 = AppStore|x86
		Debug|Any CPU = Debug|Any CPU
		Debug|ARM = Debug|ARM
		Debug|iPhone = Debug|iPhone
		Debug|iPhoneSimulator = Debug|iPhoneSimulator
		Debug|x64 = Debug|x64
		Debug|x86 = Debug|x86
		Release|Any CPU = Release|Any CPU
		Release|ARM = Release|ARM
		Release|iPhone = Release|iPhone
		Release|iPhoneSimulator = Release|iPhoneSimulator
		Release|x64 = Release|x64
		Release|x86 = Release|x86
	EndGlobalSection
	GlobalSection(ProjectConfigurationPlatforms) = postSolution
		{23B4401D-9D11-4FDB-9BE3-A0424E8C1BE5}.Ad-Hoc|Any CPU.ActiveCfg = Release|Any CPU
		{23B4401D-9D11-4FDB-9BE3-A0424E8C1BE5}.Ad-Hoc|Any CPU.Build.0 = Release|Any CPU
		{23B4401D-9D11-4FDB-9BE3-A0424E8C1BE5}.Ad-Hoc|Any CPU.Deploy.0 = Release|Any CPU
		{23B4401D-9D11-4FDB-9BE3-A0424E8C1BE5}.Ad-Hoc|ARM.ActiveCfg = Release|Any CPU
		{23B4401D-9D11-4FDB-9BE3-A0424E8C1BE5}.Ad-Hoc|ARM.Build.0 = Release|Any CPU
		{23B4401D-9D11-4FDB-9BE3-A0424E8C1BE5}.Ad-Hoc|ARM.Deploy.0 = Release|Any CPU
		{23B4401D-9D11-4FDB-9BE3-A0424E8C1BE5}.Ad-Hoc|iPhone.ActiveCfg = Release|Any CPU
		{23B4401D-9D11-4FDB-9BE3-A0424E8C1BE5}.Ad-Hoc|iPhone.Build.0 = Release|Any CPU
		{23B4401D-9D11-4FDB-9BE3-A0424E8C1BE5}.Ad-Hoc|iPhone.Deploy.0 = Release|Any CPU
		{23B4401D-9D11-4FDB-9BE3-A0424E8C1BE5}.Ad-Hoc|iPhoneSimulator.ActiveCfg = Release|Any CPU
		{23B4401D-9D11-4FDB-9BE3-A0424E8C1BE5}.Ad-Hoc|iPhoneSimulator.Build.0 = Release|Any CPU
		{23B4401D-9D11-4FDB-9BE3-A0424E8C1BE5}.Ad-Hoc|iPhoneSimulator.Deploy.0 = Release|Any CPU
		{23B4401D-9D11-4FDB-9BE3-A0424E8C1BE5}.Ad-Hoc|x64.ActiveCfg = Release|Any CPU
		{23B4401D-9D11-4FDB-9BE3-A0424E8C1BE5}.Ad-Hoc|x64.Build.0 = Release|Any CPU
		{23B4401D-9D11-4FDB-9BE3-A0424E8C1BE5}.Ad-Hoc|x64.Deploy.0 = Release|Any CPU
		{23B4401D-9D11-4FDB-9BE3-A0424E8C1BE5}.Ad-Hoc|x86.ActiveCfg = Release|Any CPU
		{23B4401D-9D11-4FDB-9BE3-A0424E8C1BE5}.Ad-Hoc|x86.Build.0 = Release|Any CPU
		{23B4401D-9D11-4FDB-9BE3-A0424E8C1BE5}.Ad-Hoc|x86.Deploy.0 = Release|Any CPU
		{23B4401D-9D11-4FDB-9BE3-A0424E8C1BE5}.AppStore|Any CPU.ActiveCfg = Release|Any CPU
		{23B4401D-9D11-4FDB-9BE3-A0424E8C1BE5}.AppStore|Any CPU.Build.0 = Release|Any CPU
		{23B4401D-9D11-4FDB-9BE3-A0424E8C1BE5}.AppStore|Any CPU.Deploy.0 = Release|Any CPU
		{23B4401D-9D11-4FDB-9BE3-A0424E8C1BE5}.AppStore|ARM.ActiveCfg = Release|Any CPU
		{23B4401D-9D11-4FDB-9BE3-A0424E8C1BE5}.AppStore|ARM.Build.0 = Release|Any CPU
		{23B4401D-9D11-4FDB-9BE3-A0424E8C1BE5}.AppStore|ARM.Deploy.0 = Release|Any CPU
		{23B4401D-9D11-4FDB-9BE3-A0424E8C1BE5}.AppStore|iPhone.ActiveCfg = Release|Any CPU
		{23B4401D-9D11-4FDB-9BE3-A0424E8C1BE5}.AppStore|iPhone.Build.0 = Release|Any CPU
		{23B4401D-9D11-4FDB-9BE3-A0424E8C1BE5}.AppStore|iPhone.Deploy.0 = Release|Any CPU
		{23B4401D-9D11-4FDB-9BE3-A0424E8C1BE5}.AppStore|iPhoneSimulator.ActiveCfg = Release|Any CPU
		{23B4401D-9D11-4FDB-9BE3-A0424E8C1BE5}.AppStore|iPhoneSimulator.Build.0 = Release|Any CPU
		{23B4401D-9D11-4FDB-9BE3-A0424E8C1BE5}.AppStore|iPhoneSimulator.Deploy.0 = Release|Any CPU
		{23B4401D-9D11-4FDB-9BE3-A0424E8C1BE5}.AppStore|x64.ActiveCfg = Release|Any CPU
		{23B4401D-9D11-4FDB-9BE3-A0424E8C1BE5}.AppStore|x64.Build.0 = Release|Any CPU
		{23B4401D-9D11-4FDB-9BE3-A0424E8C1BE5}.AppStore|x64.Deploy.0 = Release|Any CPU
		{23B4401D-9D11-4FDB-9BE3-A0424E8C1BE5}.AppStore|x86.ActiveCfg = Release|Any CPU
		{23B4401D-9D11-4FDB-9BE3-A0424E8C1BE5}.AppStore|x86.Build.0 = Release|Any CPU
		{23B4401D-9D11-4FDB-9BE3-A0424E8C1BE5}.AppStore|x86.Deploy.0 = Release|Any CPU
		{23B4401D-9D11-4FDB-9BE3-A0424E8C1BE5}.Debug|Any CPU.ActiveCfg = Debug|Any CPU
		{23B4401D-9D11-4FDB-9BE3-A0424E8C1BE5}.Debug|Any CPU.Build.0 = Debug|Any CPU
		{23B4401D-9D11-4FDB-9BE3-A0424E8C1BE5}.Debug|Any CPU.Deploy.0 = Debug|Any CPU
		{23B4401D-9D11-4FDB-9BE3-A0424E8C1BE5}.Debug|ARM.ActiveCfg = Debug|Any CPU
		{23B4401D-9D11-4FDB-9BE3-A0424E8C1BE5}.Debug|ARM.Build.0 = Debug|Any CPU
		{23B4401D-9D11-4FDB-9BE3-A0424E8C1BE5}.Debug|ARM.Deploy.0 = Debug|Any CPU
		{23B4401D-9D11-4FDB-9BE3-A0424E8C1BE5}.Debug|iPhone.ActiveCfg = Debug|Any CPU
		{23B4401D-9D11-4FDB-9BE3-A0424E8C1BE5}.Debug|iPhone.Build.0 = Debug|Any CPU
		{23B4401D-9D11-4FDB-9BE3-A0424E8C1BE5}.Debug|iPhone.Deploy.0 = Debug|Any CPU
		{23B4401D-9D11-4FDB-9BE3-A0424E8C1BE5}.Debug|iPhoneSimulator.ActiveCfg = Debug|Any CPU
		{23B4401D-9D11-4FDB-9BE3-A0424E8C1BE5}.Debug|iPhoneSimulator.Build.0 = Debug|Any CPU
		{23B4401D-9D11-4FDB-9BE3-A0424E8C1BE5}.Debug|iPhoneSimulator.Deploy.0 = Debug|Any CPU
		{23B4401D-9D11-4FDB-9BE3-A0424E8C1BE5}.Debug|x64.ActiveCfg = Debug|Any CPU
		{23B4401D-9D11-4FDB-9BE3-A0424E8C1BE5}.Debug|x64.Build.0 = Debug|Any CPU
		{23B4401D-9D11-4FDB-9BE3-A0424E8C1BE5}.Debug|x64.Deploy.0 = Debug|Any CPU
		{23B4401D-9D11-4FDB-9BE3-A0424E8C1BE5}.Debug|x86.ActiveCfg = Debug|Any CPU
		{23B4401D-9D11-4FDB-9BE3-A0424E8C1BE5}.Debug|x86.Build.0 = Debug|Any CPU
		{23B4401D-9D11-4FDB-9BE3-A0424E8C1BE5}.Debug|x86.Deploy.0 = Debug|Any CPU
		{23B4401D-9D11-4FDB-9BE3-A0424E8C1BE5}.Release|Any CPU.ActiveCfg = Release|Any CPU
		{23B4401D-9D11-4FDB-9BE3-A0424E8C1BE5}.Release|Any CPU.Build.0 = Release|Any CPU
		{23B4401D-9D11-4FDB-9BE3-A0424E8C1BE5}.Release|Any CPU.Deploy.0 = Release|Any CPU
		{23B4401D-9D11-4FDB-9BE3-A0424E8C1BE5}.Release|ARM.ActiveCfg = Release|Any CPU
		{23B4401D-9D11-4FDB-9BE3-A0424E8C1BE5}.Release|ARM.Build.0 = Release|Any CPU
		{23B4401D-9D11-4FDB-9BE3-A0424E8C1BE5}.Release|ARM.Deploy.0 = Release|Any CPU
		{23B4401D-9D11-4FDB-9BE3-A0424E8C1BE5}.Release|iPhone.ActiveCfg = Release|Any CPU
		{23B4401D-9D11-4FDB-9BE3-A0424E8C1BE5}.Release|iPhone.Build.0 = Release|Any CPU
		{23B4401D-9D11-4FDB-9BE3-A0424E8C1BE5}.Release|iPhone.Deploy.0 = Release|Any CPU
		{23B4401D-9D11-4FDB-9BE3-A0424E8C1BE5}.Release|iPhoneSimulator.ActiveCfg = Release|Any CPU
		{23B4401D-9D11-4FDB-9BE3-A0424E8C1BE5}.Release|iPhoneSimulator.Build.0 = Release|Any CPU
		{23B4401D-9D11-4FDB-9BE3-A0424E8C1BE5}.Release|iPhoneSimulator.Deploy.0 = Release|Any CPU
		{23B4401D-9D11-4FDB-9BE3-A0424E8C1BE5}.Release|x64.ActiveCfg = Release|Any CPU
		{23B4401D-9D11-4FDB-9BE3-A0424E8C1BE5}.Release|x64.Build.0 = Release|Any CPU
		{23B4401D-9D11-4FDB-9BE3-A0424E8C1BE5}.Release|x64.Deploy.0 = Release|Any CPU
		{23B4401D-9D11-4FDB-9BE3-A0424E8C1BE5}.Release|x86.ActiveCfg = Release|Any CPU
		{23B4401D-9D11-4FDB-9BE3-A0424E8C1BE5}.Release|x86.Build.0 = Release|Any CPU
		{23B4401D-9D11-4FDB-9BE3-A0424E8C1BE5}.Release|x86.Deploy.0 = Release|Any CPU
		{5F117396-28CF-4CF8-B089-6F53796BFBD8}.Ad-Hoc|Any CPU.ActiveCfg = Ad-Hoc|iPhone
		{5F117396-28CF-4CF8-B089-6F53796BFBD8}.Ad-Hoc|Any CPU.Build.0 = Ad-Hoc|iPhone
		{5F117396-28CF-4CF8-B089-6F53796BFBD8}.Ad-Hoc|Any CPU.Deploy.0 = Ad-Hoc|iPhone
		{5F117396-28CF-4CF8-B089-6F53796BFBD8}.Ad-Hoc|ARM.ActiveCfg = Ad-Hoc|iPhone
		{5F117396-28CF-4CF8-B089-6F53796BFBD8}.Ad-Hoc|ARM.Build.0 = Ad-Hoc|iPhone
		{5F117396-28CF-4CF8-B089-6F53796BFBD8}.Ad-Hoc|ARM.Deploy.0 = Ad-Hoc|iPhone
		{5F117396-28CF-4CF8-B089-6F53796BFBD8}.Ad-Hoc|iPhone.ActiveCfg = Ad-Hoc|iPhone
		{5F117396-28CF-4CF8-B089-6F53796BFBD8}.Ad-Hoc|iPhone.Build.0 = Ad-Hoc|iPhone
		{5F117396-28CF-4CF8-B089-6F53796BFBD8}.Ad-Hoc|iPhone.Deploy.0 = Ad-Hoc|iPhone
		{5F117396-28CF-4CF8-B089-6F53796BFBD8}.Ad-Hoc|iPhoneSimulator.ActiveCfg = Ad-Hoc|iPhoneSimulator
		{5F117396-28CF-4CF8-B089-6F53796BFBD8}.Ad-Hoc|iPhoneSimulator.Build.0 = Ad-Hoc|iPhoneSimulator
		{5F117396-28CF-4CF8-B089-6F53796BFBD8}.Ad-Hoc|iPhoneSimulator.Deploy.0 = Ad-Hoc|iPhoneSimulator
		{5F117396-28CF-4CF8-B089-6F53796BFBD8}.Ad-Hoc|x64.ActiveCfg = Ad-Hoc|iPhone
		{5F117396-28CF-4CF8-B089-6F53796BFBD8}.Ad-Hoc|x64.Build.0 = Ad-Hoc|iPhone
		{5F117396-28CF-4CF8-B089-6F53796BFBD8}.Ad-Hoc|x64.Deploy.0 = Ad-Hoc|iPhone
		{5F117396-28CF-4CF8-B089-6F53796BFBD8}.Ad-Hoc|x86.ActiveCfg = Ad-Hoc|iPhone
		{5F117396-28CF-4CF8-B089-6F53796BFBD8}.Ad-Hoc|x86.Build.0 = Ad-Hoc|iPhone
		{5F117396-28CF-4CF8-B089-6F53796BFBD8}.Ad-Hoc|x86.Deploy.0 = Ad-Hoc|iPhone
		{5F117396-28CF-4CF8-B089-6F53796BFBD8}.AppStore|Any CPU.ActiveCfg = AppStore|iPhone
		{5F117396-28CF-4CF8-B089-6F53796BFBD8}.AppStore|Any CPU.Build.0 = AppStore|iPhone
		{5F117396-28CF-4CF8-B089-6F53796BFBD8}.AppStore|Any CPU.Deploy.0 = AppStore|iPhone
		{5F117396-28CF-4CF8-B089-6F53796BFBD8}.AppStore|ARM.ActiveCfg = AppStore|iPhone
		{5F117396-28CF-4CF8-B089-6F53796BFBD8}.AppStore|ARM.Build.0 = AppStore|iPhone
		{5F117396-28CF-4CF8-B089-6F53796BFBD8}.AppStore|ARM.Deploy.0 = AppStore|iPhone
		{5F117396-28CF-4CF8-B089-6F53796BFBD8}.AppStore|iPhone.ActiveCfg = AppStore|iPhone
		{5F117396-28CF-4CF8-B089-6F53796BFBD8}.AppStore|iPhone.Build.0 = AppStore|iPhone
		{5F117396-28CF-4CF8-B089-6F53796BFBD8}.AppStore|iPhone.Deploy.0 = AppStore|iPhone
		{5F117396-28CF-4CF8-B089-6F53796BFBD8}.AppStore|iPhoneSimulator.ActiveCfg = AppStore|iPhoneSimulator
		{5F117396-28CF-4CF8-B089-6F53796BFBD8}.AppStore|iPhoneSimulator.Build.0 = AppStore|iPhoneSimulator
		{5F117396-28CF-4CF8-B089-6F53796BFBD8}.AppStore|iPhoneSimulator.Deploy.0 = AppStore|iPhoneSimulator
		{5F117396-28CF-4CF8-B089-6F53796BFBD8}.AppStore|x64.ActiveCfg = AppStore|iPhone
		{5F117396-28CF-4CF8-B089-6F53796BFBD8}.AppStore|x64.Build.0 = AppStore|iPhone
		{5F117396-28CF-4CF8-B089-6F53796BFBD8}.AppStore|x64.Deploy.0 = AppStore|iPhone
		{5F117396-28CF-4CF8-B089-6F53796BFBD8}.AppStore|x86.ActiveCfg = AppStore|iPhone
		{5F117396-28CF-4CF8-B089-6F53796BFBD8}.AppStore|x86.Build.0 = AppStore|iPhone
		{5F117396-28CF-4CF8-B089-6F53796BFBD8}.AppStore|x86.Deploy.0 = AppStore|iPhone
		{5F117396-28CF-4CF8-B089-6F53796BFBD8}.Debug|Any CPU.ActiveCfg = Debug|iPhoneSimulator
		{5F117396-28CF-4CF8-B089-6F53796BFBD8}.Debug|Any CPU.Build.0 = Debug|iPhoneSimulator
		{5F117396-28CF-4CF8-B089-6F53796BFBD8}.Debug|Any CPU.Deploy.0 = Debug|iPhoneSimulator
		{5F117396-28CF-4CF8-B089-6F53796BFBD8}.Debug|ARM.ActiveCfg = Debug|iPhone
		{5F117396-28CF-4CF8-B089-6F53796BFBD8}.Debug|ARM.Build.0 = Debug|iPhone
		{5F117396-28CF-4CF8-B089-6F53796BFBD8}.Debug|ARM.Deploy.0 = Debug|iPhone
		{5F117396-28CF-4CF8-B089-6F53796BFBD8}.Debug|iPhone.ActiveCfg = Debug|iPhone
		{5F117396-28CF-4CF8-B089-6F53796BFBD8}.Debug|iPhone.Build.0 = Debug|iPhone
		{5F117396-28CF-4CF8-B089-6F53796BFBD8}.Debug|iPhone.Deploy.0 = Debug|iPhone
		{5F117396-28CF-4CF8-B089-6F53796BFBD8}.Debug|iPhoneSimulator.ActiveCfg = Debug|iPhoneSimulator
		{5F117396-28CF-4CF8-B089-6F53796BFBD8}.Debug|iPhoneSimulator.Build.0 = Debug|iPhoneSimulator
		{5F117396-28CF-4CF8-B089-6F53796BFBD8}.Debug|iPhoneSimulator.Deploy.0 = Debug|iPhoneSimulator
		{5F117396-28CF-4CF8-B089-6F53796BFBD8}.Debug|x64.ActiveCfg = Debug|iPhone
		{5F117396-28CF-4CF8-B089-6F53796BFBD8}.Debug|x64.Build.0 = Debug|iPhone
		{5F117396-28CF-4CF8-B089-6F53796BFBD8}.Debug|x64.Deploy.0 = Debug|iPhone
		{5F117396-28CF-4CF8-B089-6F53796BFBD8}.Debug|x86.ActiveCfg = Debug|iPhone
		{5F117396-28CF-4CF8-B089-6F53796BFBD8}.Debug|x86.Build.0 = Debug|iPhone
		{5F117396-28CF-4CF8-B089-6F53796BFBD8}.Debug|x86.Deploy.0 = Debug|iPhone
		{5F117396-28CF-4CF8-B089-6F53796BFBD8}.Release|Any CPU.ActiveCfg = Release|iPhone
		{5F117396-28CF-4CF8-B089-6F53796BFBD8}.Release|Any CPU.Build.0 = Release|iPhone
		{5F117396-28CF-4CF8-B089-6F53796BFBD8}.Release|Any CPU.Deploy.0 = Release|iPhone
		{5F117396-28CF-4CF8-B089-6F53796BFBD8}.Release|ARM.ActiveCfg = Release|iPhone
		{5F117396-28CF-4CF8-B089-6F53796BFBD8}.Release|ARM.Build.0 = Release|iPhone
		{5F117396-28CF-4CF8-B089-6F53796BFBD8}.Release|ARM.Deploy.0 = Release|iPhone
		{5F117396-28CF-4CF8-B089-6F53796BFBD8}.Release|iPhone.ActiveCfg = Release|iPhone
		{5F117396-28CF-4CF8-B089-6F53796BFBD8}.Release|iPhone.Build.0 = Release|iPhone
		{5F117396-28CF-4CF8-B089-6F53796BFBD8}.Release|iPhone.Deploy.0 = Release|iPhone
		{5F117396-28CF-4CF8-B089-6F53796BFBD8}.Release|iPhoneSimulator.ActiveCfg = Release|iPhoneSimulator
		{5F117396-28CF-4CF8-B089-6F53796BFBD8}.Release|iPhoneSimulator.Build.0 = Release|iPhoneSimulator
		{5F117396-28CF-4CF8-B089-6F53796BFBD8}.Release|iPhoneSimulator.Deploy.0 = Release|iPhoneSimulator
		{5F117396-28CF-4CF8-B089-6F53796BFBD8}.Release|x64.ActiveCfg = Release|iPhone
		{5F117396-28CF-4CF8-B089-6F53796BFBD8}.Release|x64.Build.0 = Release|iPhone
		{5F117396-28CF-4CF8-B089-6F53796BFBD8}.Release|x64.Deploy.0 = Release|iPhone
		{5F117396-28CF-4CF8-B089-6F53796BFBD8}.Release|x86.ActiveCfg = Release|iPhone
		{5F117396-28CF-4CF8-B089-6F53796BFBD8}.Release|x86.Build.0 = Release|iPhone
		{5F117396-28CF-4CF8-B089-6F53796BFBD8}.Release|x86.Deploy.0 = Release|iPhone
		{9498D2DB-A5A0-4B3D-B20C-873966E03F37}.Ad-Hoc|Any CPU.ActiveCfg = Release|x86
		{9498D2DB-A5A0-4B3D-B20C-873966E03F37}.Ad-Hoc|Any CPU.Build.0 = Release|x86
		{9498D2DB-A5A0-4B3D-B20C-873966E03F37}.Ad-Hoc|Any CPU.Deploy.0 = Release|x86
		{9498D2DB-A5A0-4B3D-B20C-873966E03F37}.Ad-Hoc|ARM.ActiveCfg = Release|ARM
		{9498D2DB-A5A0-4B3D-B20C-873966E03F37}.Ad-Hoc|ARM.Build.0 = Release|ARM
		{9498D2DB-A5A0-4B3D-B20C-873966E03F37}.Ad-Hoc|ARM.Deploy.0 = Release|ARM
		{9498D2DB-A5A0-4B3D-B20C-873966E03F37}.Ad-Hoc|iPhone.ActiveCfg = Release|x86
		{9498D2DB-A5A0-4B3D-B20C-873966E03F37}.Ad-Hoc|iPhone.Build.0 = Release|x86
		{9498D2DB-A5A0-4B3D-B20C-873966E03F37}.Ad-Hoc|iPhone.Deploy.0 = Release|x86
		{9498D2DB-A5A0-4B3D-B20C-873966E03F37}.Ad-Hoc|iPhoneSimulator.ActiveCfg = Release|x86
		{9498D2DB-A5A0-4B3D-B20C-873966E03F37}.Ad-Hoc|iPhoneSimulator.Build.0 = Release|x86
		{9498D2DB-A5A0-4B3D-B20C-873966E03F37}.Ad-Hoc|iPhoneSimulator.Deploy.0 = Release|x86
		{9498D2DB-A5A0-4B3D-B20C-873966E03F37}.Ad-Hoc|x64.ActiveCfg = Release|x64
		{9498D2DB-A5A0-4B3D-B20C-873966E03F37}.Ad-Hoc|x64.Build.0 = Release|x64
		{9498D2DB-A5A0-4B3D-B20C-873966E03F37}.Ad-Hoc|x64.Deploy.0 = Release|x64
		{9498D2DB-A5A0-4B3D-B20C-873966E03F37}.Ad-Hoc|x86.ActiveCfg = Release|x86
		{9498D2DB-A5A0-4B3D-B20C-873966E03F37}.Ad-Hoc|x86.Build.0 = Release|x86
		{9498D2DB-A5A0-4B3D-B20C-873966E03F37}.Ad-Hoc|x86.Deploy.0 = Release|x86
		{9498D2DB-A5A0-4B3D-B20C-873966E03F37}.AppStore|Any CPU.ActiveCfg = Release|x86
		{9498D2DB-A5A0-4B3D-B20C-873966E03F37}.AppStore|Any CPU.Build.0 = Release|x86
		{9498D2DB-A5A0-4B3D-B20C-873966E03F37}.AppStore|Any CPU.Deploy.0 = Release|x86
		{9498D2DB-A5A0-4B3D-B20C-873966E03F37}.AppStore|ARM.ActiveCfg = Release|ARM
		{9498D2DB-A5A0-4B3D-B20C-873966E03F37}.AppStore|ARM.Build.0 = Release|ARM
		{9498D2DB-A5A0-4B3D-B20C-873966E03F37}.AppStore|ARM.Deploy.0 = Release|ARM
		{9498D2DB-A5A0-4B3D-B20C-873966E03F37}.AppStore|iPhone.ActiveCfg = Release|x86
		{9498D2DB-A5A0-4B3D-B20C-873966E03F37}.AppStore|iPhone.Build.0 = Release|x86
		{9498D2DB-A5A0-4B3D-B20C-873966E03F37}.AppStore|iPhone.Deploy.0 = Release|x86
		{9498D2DB-A5A0-4B3D-B20C-873966E03F37}.AppStore|iPhoneSimulator.ActiveCfg = Release|x86
		{9498D2DB-A5A0-4B3D-B20C-873966E03F37}.AppStore|iPhoneSimulator.Build.0 = Release|x86
		{9498D2DB-A5A0-4B3D-B20C-873966E03F37}.AppStore|iPhoneSimulator.Deploy.0 = Release|x86
		{9498D2DB-A5A0-4B3D-B20C-873966E03F37}.AppStore|x64.ActiveCfg = Release|x64
		{9498D2DB-A5A0-4B3D-B20C-873966E03F37}.AppStore|x64.Build.0 = Release|x64
		{9498D2DB-A5A0-4B3D-B20C-873966E03F37}.AppStore|x64.Deploy.0 = Release|x64
		{9498D2DB-A5A0-4B3D-B20C-873966E03F37}.AppStore|x86.ActiveCfg = Release|x86
		{9498D2DB-A5A0-4B3D-B20C-873966E03F37}.AppStore|x86.Build.0 = Release|x86
		{9498D2DB-A5A0-4B3D-B20C-873966E03F37}.AppStore|x86.Deploy.0 = Release|x86
		{9498D2DB-A5A0-4B3D-B20C-873966E03F37}.Debug|Any CPU.ActiveCfg = Debug|x86
		{9498D2DB-A5A0-4B3D-B20C-873966E03F37}.Debug|Any CPU.Build.0 = Debug|x86
		{9498D2DB-A5A0-4B3D-B20C-873966E03F37}.Debug|Any CPU.Deploy.0 = Debug|x86
		{9498D2DB-A5A0-4B3D-B20C-873966E03F37}.Debug|ARM.ActiveCfg = Debug|ARM
		{9498D2DB-A5A0-4B3D-B20C-873966E03F37}.Debug|ARM.Build.0 = Debug|ARM
		{9498D2DB-A5A0-4B3D-B20C-873966E03F37}.Debug|ARM.Deploy.0 = Debug|ARM
		{9498D2DB-A5A0-4B3D-B20C-873966E03F37}.Debug|iPhone.ActiveCfg = Debug|x86
		{9498D2DB-A5A0-4B3D-B20C-873966E03F37}.Debug|iPhone.Build.0 = Debug|x86
		{9498D2DB-A5A0-4B3D-B20C-873966E03F37}.Debug|iPhone.Deploy.0 = Debug|x86
		{9498D2DB-A5A0-4B3D-B20C-873966E03F37}.Debug|iPhoneSimulator.ActiveCfg = Debug|x86
		{9498D2DB-A5A0-4B3D-B20C-873966E03F37}.Debug|iPhoneSimulator.Build.0 = Debug|x86
		{9498D2DB-A5A0-4B3D-B20C-873966E03F37}.Debug|iPhoneSimulator.Deploy.0 = Debug|x86
		{9498D2DB-A5A0-4B3D-B20C-873966E03F37}.Debug|x64.ActiveCfg = Debug|x64
		{9498D2DB-A5A0-4B3D-B20C-873966E03F37}.Debug|x64.Build.0 = Debug|x64
		{9498D2DB-A5A0-4B3D-B20C-873966E03F37}.Debug|x64.Deploy.0 = Debug|x64
		{9498D2DB-A5A0-4B3D-B20C-873966E03F37}.Debug|x86.ActiveCfg = Debug|x86
		{9498D2DB-A5A0-4B3D-B20C-873966E03F37}.Debug|x86.Build.0 = Debug|x86
		{9498D2DB-A5A0-4B3D-B20C-873966E03F37}.Debug|x86.Deploy.0 = Debug|x86
		{9498D2DB-A5A0-4B3D-B20C-873966E03F37}.Release|Any CPU.ActiveCfg = Release|x86
		{9498D2DB-A5A0-4B3D-B20C-873966E03F37}.Release|Any CPU.Build.0 = Release|x86
		{9498D2DB-A5A0-4B3D-B20C-873966E03F37}.Release|Any CPU.Deploy.0 = Release|x86
		{9498D2DB-A5A0-4B3D-B20C-873966E03F37}.Release|ARM.ActiveCfg = Release|ARM
		{9498D2DB-A5A0-4B3D-B20C-873966E03F37}.Release|ARM.Build.0 = Release|ARM
		{9498D2DB-A5A0-4B3D-B20C-873966E03F37}.Release|ARM.Deploy.0 = Release|ARM
		{9498D2DB-A5A0-4B3D-B20C-873966E03F37}.Release|iPhone.ActiveCfg = Release|x86
		{9498D2DB-A5A0-4B3D-B20C-873966E03F37}.Release|iPhone.Build.0 = Release|x86
		{9498D2DB-A5A0-4B3D-B20C-873966E03F37}.Release|iPhone.Deploy.0 = Release|x86
		{9498D2DB-A5A0-4B3D-B20C-873966E03F37}.Release|iPhoneSimulator.ActiveCfg = Release|x86
		{9498D2DB-A5A0-4B3D-B20C-873966E03F37}.Release|iPhoneSimulator.Build.0 = Release|x86
		{9498D2DB-A5A0-4B3D-B20C-873966E03F37}.Release|iPhoneSimulator.Deploy.0 = Release|x86
		{9498D2DB-A5A0-4B3D-B20C-873966E03F37}.Release|x64.ActiveCfg = Release|x64
		{9498D2DB-A5A0-4B3D-B20C-873966E03F37}.Release|x64.Build.0 = Release|x64
		{9498D2DB-A5A0-4B3D-B20C-873966E03F37}.Release|x64.Deploy.0 = Release|x64
		{9498D2DB-A5A0-4B3D-B20C-873966E03F37}.Release|x86.ActiveCfg = Release|x86
		{9498D2DB-A5A0-4B3D-B20C-873966E03F37}.Release|x86.Build.0 = Release|x86
		{9498D2DB-A5A0-4B3D-B20C-873966E03F37}.Release|x86.Deploy.0 = Release|x86
		{D84532CE-ADF6-48AB-8B7A-8181844EAD9D}.Ad-Hoc|Any CPU.ActiveCfg = Debug|Any CPU
		{D84532CE-ADF6-48AB-8B7A-8181844EAD9D}.Ad-Hoc|Any CPU.Build.0 = Debug|Any CPU
		{D84532CE-ADF6-48AB-8B7A-8181844EAD9D}.Ad-Hoc|Any CPU.Deploy.0 = Debug|Any CPU
		{D84532CE-ADF6-48AB-8B7A-8181844EAD9D}.Ad-Hoc|ARM.ActiveCfg = Debug|Any CPU
		{D84532CE-ADF6-48AB-8B7A-8181844EAD9D}.Ad-Hoc|ARM.Build.0 = Debug|Any CPU
		{D84532CE-ADF6-48AB-8B7A-8181844EAD9D}.Ad-Hoc|ARM.Deploy.0 = Debug|Any CPU
		{D84532CE-ADF6-48AB-8B7A-8181844EAD9D}.Ad-Hoc|iPhone.ActiveCfg = Debug|Any CPU
		{D84532CE-ADF6-48AB-8B7A-8181844EAD9D}.Ad-Hoc|iPhone.Build.0 = Debug|Any CPU
		{D84532CE-ADF6-48AB-8B7A-8181844EAD9D}.Ad-Hoc|iPhone.Deploy.0 = Debug|Any CPU
		{D84532CE-ADF6-48AB-8B7A-8181844EAD9D}.Ad-Hoc|iPhoneSimulator.ActiveCfg = Debug|Any CPU
		{D84532CE-ADF6-48AB-8B7A-8181844EAD9D}.Ad-Hoc|iPhoneSimulator.Build.0 = Debug|Any CPU
		{D84532CE-ADF6-48AB-8B7A-8181844EAD9D}.Ad-Hoc|iPhoneSimulator.Deploy.0 = Debug|Any CPU
		{D84532CE-ADF6-48AB-8B7A-8181844EAD9D}.Ad-Hoc|x64.ActiveCfg = Debug|Any CPU
		{D84532CE-ADF6-48AB-8B7A-8181844EAD9D}.Ad-Hoc|x64.Build.0 = Debug|Any CPU
		{D84532CE-ADF6-48AB-8B7A-8181844EAD9D}.Ad-Hoc|x64.Deploy.0 = Debug|Any CPU
		{D84532CE-ADF6-48AB-8B7A-8181844EAD9D}.Ad-Hoc|x86.ActiveCfg = Debug|Any CPU
		{D84532CE-ADF6-48AB-8B7A-8181844EAD9D}.Ad-Hoc|x86.Build.0 = Debug|Any CPU
		{D84532CE-ADF6-48AB-8B7A-8181844EAD9D}.Ad-Hoc|x86.Deploy.0 = Debug|Any CPU
		{D84532CE-ADF6-48AB-8B7A-8181844EAD9D}.AppStore|Any CPU.ActiveCfg = Debug|Any CPU
		{D84532CE-ADF6-48AB-8B7A-8181844EAD9D}.AppStore|Any CPU.Build.0 = Debug|Any CPU
		{D84532CE-ADF6-48AB-8B7A-8181844EAD9D}.AppStore|Any CPU.Deploy.0 = Debug|Any CPU
		{D84532CE-ADF6-48AB-8B7A-8181844EAD9D}.AppStore|ARM.ActiveCfg = Debug|Any CPU
		{D84532CE-ADF6-48AB-8B7A-8181844EAD9D}.AppStore|ARM.Build.0 = Debug|Any CPU
		{D84532CE-ADF6-48AB-8B7A-8181844EAD9D}.AppStore|ARM.Deploy.0 = Debug|Any CPU
		{D84532CE-ADF6-48AB-8B7A-8181844EAD9D}.AppStore|iPhone.ActiveCfg = Debug|Any CPU
		{D84532CE-ADF6-48AB-8B7A-8181844EAD9D}.AppStore|iPhone.Build.0 = Debug|Any CPU
		{D84532CE-ADF6-48AB-8B7A-8181844EAD9D}.AppStore|iPhone.Deploy.0 = Debug|Any CPU
		{D84532CE-ADF6-48AB-8B7A-8181844EAD9D}.AppStore|iPhoneSimulator.ActiveCfg = Debug|Any CPU
		{D84532CE-ADF6-48AB-8B7A-8181844EAD9D}.AppStore|iPhoneSimulator.Build.0 = Debug|Any CPU
		{D84532CE-ADF6-48AB-8B7A-8181844EAD9D}.AppStore|iPhoneSimulator.Deploy.0 = Debug|Any CPU
		{D84532CE-ADF6-48AB-8B7A-8181844EAD9D}.AppStore|x64.ActiveCfg = Debug|Any CPU
		{D84532CE-ADF6-48AB-8B7A-8181844EAD9D}.AppStore|x64.Build.0 = Debug|Any CPU
		{D84532CE-ADF6-48AB-8B7A-8181844EAD9D}.AppStore|x64.Deploy.0 = Debug|Any CPU
		{D84532CE-ADF6-48AB-8B7A-8181844EAD9D}.AppStore|x86.ActiveCfg = Debug|Any CPU
		{D84532CE-ADF6-48AB-8B7A-8181844EAD9D}.AppStore|x86.Build.0 = Debug|Any CPU
		{D84532CE-ADF6-48AB-8B7A-8181844EAD9D}.AppStore|x86.Deploy.0 = Debug|Any CPU
		{D84532CE-ADF6-48AB-8B7A-8181844EAD9D}.Debug|Any CPU.ActiveCfg = Debug|Any CPU
		{D84532CE-ADF6-48AB-8B7A-8181844EAD9D}.Debug|Any CPU.Build.0 = Debug|Any CPU
		{D84532CE-ADF6-48AB-8B7A-8181844EAD9D}.Debug|Any CPU.Deploy.0 = Debug|Any CPU
		{D84532CE-ADF6-48AB-8B7A-8181844EAD9D}.Debug|ARM.ActiveCfg = Debug|Any CPU
		{D84532CE-ADF6-48AB-8B7A-8181844EAD9D}.Debug|ARM.Build.0 = Debug|Any CPU
		{D84532CE-ADF6-48AB-8B7A-8181844EAD9D}.Debug|ARM.Deploy.0 = Debug|Any CPU
		{D84532CE-ADF6-48AB-8B7A-8181844EAD9D}.Debug|iPhone.ActiveCfg = Debug|Any CPU
		{D84532CE-ADF6-48AB-8B7A-8181844EAD9D}.Debug|iPhone.Build.0 = Debug|Any CPU
		{D84532CE-ADF6-48AB-8B7A-8181844EAD9D}.Debug|iPhone.Deploy.0 = Debug|Any CPU
		{D84532CE-ADF6-48AB-8B7A-8181844EAD9D}.Debug|iPhoneSimulator.ActiveCfg = Debug|Any CPU
		{D84532CE-ADF6-48AB-8B7A-8181844EAD9D}.Debug|iPhoneSimulator.Build.0 = Debug|Any CPU
		{D84532CE-ADF6-48AB-8B7A-8181844EAD9D}.Debug|iPhoneSimulator.Deploy.0 = Debug|Any CPU
		{D84532CE-ADF6-48AB-8B7A-8181844EAD9D}.Debug|x64.ActiveCfg = Debug|Any CPU
		{D84532CE-ADF6-48AB-8B7A-8181844EAD9D}.Debug|x64.Build.0 = Debug|Any CPU
		{D84532CE-ADF6-48AB-8B7A-8181844EAD9D}.Debug|x64.Deploy.0 = Debug|Any CPU
		{D84532CE-ADF6-48AB-8B7A-8181844EAD9D}.Debug|x86.ActiveCfg = Debug|Any CPU
		{D84532CE-ADF6-48AB-8B7A-8181844EAD9D}.Debug|x86.Build.0 = Debug|Any CPU
		{D84532CE-ADF6-48AB-8B7A-8181844EAD9D}.Debug|x86.Deploy.0 = Debug|Any CPU
		{D84532CE-ADF6-48AB-8B7A-8181844EAD9D}.Release|Any CPU.ActiveCfg = Release|Any CPU
		{D84532CE-ADF6-48AB-8B7A-8181844EAD9D}.Release|Any CPU.Build.0 = Release|Any CPU
		{D84532CE-ADF6-48AB-8B7A-8181844EAD9D}.Release|Any CPU.Deploy.0 = Release|Any CPU
		{D84532CE-ADF6-48AB-8B7A-8181844EAD9D}.Release|ARM.ActiveCfg = Release|Any CPU
		{D84532CE-ADF6-48AB-8B7A-8181844EAD9D}.Release|ARM.Build.0 = Release|Any CPU
		{D84532CE-ADF6-48AB-8B7A-8181844EAD9D}.Release|ARM.Deploy.0 = Release|Any CPU
		{D84532CE-ADF6-48AB-8B7A-8181844EAD9D}.Release|iPhone.ActiveCfg = Release|Any CPU
		{D84532CE-ADF6-48AB-8B7A-8181844EAD9D}.Release|iPhone.Build.0 = Release|Any CPU
		{D84532CE-ADF6-48AB-8B7A-8181844EAD9D}.Release|iPhone.Deploy.0 = Release|Any CPU
		{D84532CE-ADF6-48AB-8B7A-8181844EAD9D}.Release|iPhoneSimulator.ActiveCfg = Release|Any CPU
		{D84532CE-ADF6-48AB-8B7A-8181844EAD9D}.Release|iPhoneSimulator.Build.0 = Release|Any CPU
		{D84532CE-ADF6-48AB-8B7A-8181844EAD9D}.Release|iPhoneSimulator.Deploy.0 = Release|Any CPU
		{D84532CE-ADF6-48AB-8B7A-8181844EAD9D}.Release|x64.ActiveCfg = Release|Any CPU
		{D84532CE-ADF6-48AB-8B7A-8181844EAD9D}.Release|x64.Build.0 = Release|Any CPU
		{D84532CE-ADF6-48AB-8B7A-8181844EAD9D}.Release|x64.Deploy.0 = Release|Any CPU
		{D84532CE-ADF6-48AB-8B7A-8181844EAD9D}.Release|x86.ActiveCfg = Release|Any CPU
		{D84532CE-ADF6-48AB-8B7A-8181844EAD9D}.Release|x86.Build.0 = Release|Any CPU
		{D84532CE-ADF6-48AB-8B7A-8181844EAD9D}.Release|x86.Deploy.0 = Release|Any CPU
	EndGlobalSection
	GlobalSection(SolutionProperties) = preSolution
		HideSolutionNode = FALSE
	EndGlobalSection
	GlobalSection(ExtensibilityGlobals) = postSolution
		SolutionGuid = {012B9E90-3E10-405E-9002-61FA8C7E2AF9}
	EndGlobalSection
EndGlobal
